
Microsoft Visual Studio Solution File, Format Version 12.00
# Visual Studio Version 16
VisualStudioVersion = 16.0.30717.126
MinimumVisualStudioVersion = 10.0.40219.1
Project("{FAE04EC0-301F-11D3-BF4B-00C04F79EFBC}") = "PC_Receives_NetCore", "PC_Receives_NetCore.csproj", "{2B314F02-FE9A-4CBF-BBD6-0E6E01A5EA06}"
EndProject
Global
	GlobalSection(SolutionConfigurationPlatforms) = preSolution
		Debug|Any CPU = Debug|Any CPU
		Release|Any CPU = Release|Any CPU
	EndGlobalSection
	GlobalSection(ProjectConfigurationPlatforms) = postSolution
		{2B314F02-FE9A-4CBF-BBD6-0E6E01A5EA06}.Debug|Any CPU.ActiveCfg = Debug|Any CPU
		{2B314F02-FE9A-4CBF-BBD6-0E6E01A5EA06}.Debug|Any CPU.Build.0 = Debug|Any CPU
		{2B314F02-FE9A-4CBF-BBD6-0E6E01A5EA06}.Release|Any CPU.ActiveCfg = Release|Any CPU
		{2B314F02-FE9A-4CBF-BBD6-0E6E01A5EA06}.Release|Any CPU.Build.0 = Release|Any CPU
	EndGlobalSection
	GlobalSection(SolutionProperties) = preSolution
		HideSolutionNode = FALSE
	EndGlobalSection
	GlobalSection(ExtensibilityGlobals) = postSolution
		SolutionGuid = {669EAF8E-D774-4CD1-A721-9A7C5404D12A}
	EndGlobalSection
EndGlobal
