
Microsoft Visual Studio Solution File, Format Version 12.00
# Visual Studio Version 16
VisualStudioVersion = 16.0.30717.126
MinimumVisualStudioVersion = 10.0.40219.1
Project("{FAE04EC0-301F-11D3-BF4B-00C04F79EFBC}") = "PC_Transmits_DotnetFramework_4-5", "PC_Transmits_DotnetFramework_4-5.csproj", "{31F26BB8-CD13-47A3-AAA5-C306738DB29A}"
EndProject
Global
	GlobalSection(SolutionConfigurationPlatforms) = preSolution
		Debug|Any CPU = Debug|Any CPU
		Release|Any CPU = Release|Any CPU
	EndGlobalSection
	GlobalSection(ProjectConfigurationPlatforms) = postSolution
		{31F26BB8-CD13-47A3-AAA5-C306738DB29A}.Debug|Any CPU.ActiveCfg = Debug|Any CPU
		{31F26BB8-CD13-47A3-AAA5-C306738DB29A}.Debug|Any CPU.Build.0 = Debug|Any CPU
		{31F26BB8-CD13-47A3-AAA5-C306738DB29A}.Release|Any CPU.ActiveCfg = Release|Any CPU
		{31F26BB8-CD13-47A3-AAA5-C306738DB29A}.Release|Any CPU.Build.0 = Release|Any CPU
	EndGlobalSection
	GlobalSection(SolutionProperties) = preSolution
		HideSolutionNode = FALSE
	EndGlobalSection
	GlobalSection(ExtensibilityGlobals) = postSolution
		SolutionGuid = {9EA28779-C221-4722-A490-32A5EC1A5CD1}
	EndGlobalSection
EndGlobal
